
Microsoft Visual Studio Solution File, Format Version 12.00
# Visual Studio Version 17
VisualStudioVersion = 17.10.35027.167
MinimumVisualStudioVersion = 10.0.40219.1
Project("{FAE04EC0-301F-11D3-BF4B-00C04F79EFBC}") = "LongGame", "LongGame\LongGame.csproj", "{115FC875-C816-4D01-B8E4-31CFADC49902}"
EndProject
Global
	GlobalSection(SolutionConfigurationPlatforms) = preSolution
		Debug|Any CPU = Debug|Any CPU
		Release|Any CPU = Release|Any CPU
	EndGlobalSection
	GlobalSection(ProjectConfigurationPlatforms) = postSolution
		{115FC875-C816-4D01-B8E4-31CFADC49902}.Debug|Any CPU.ActiveCfg = Debug|Any CPU
		{115FC875-C816-4D01-B8E4-31CFADC49902}.Debug|Any CPU.Build.0 = Debug|Any CPU
		{115FC875-C816-4D01-B8E4-31CFADC49902}.Release|Any CPU.ActiveCfg = Release|Any CPU
		{115FC875-C816-4D01-B8E4-31CFADC49902}.Release|Any CPU.Build.0 = Release|Any CPU
	EndGlobalSection
	GlobalSection(SolutionProperties) = preSolution
		HideSolutionNode = FALSE
	EndGlobalSection
	GlobalSection(ExtensibilityGlobals) = postSolution
		SolutionGuid = {65A75D8E-E324-47E6-BE91-BF41C8F45842}
	EndGlobalSection
EndGlobal
